<?xml version="1.0" encoding="utf-8"?>
<Project ToolsVersion="4.0" xmlns="http://schemas.microsoft.com/developer/msbuild/2003">
  <ItemGroup>
    <Filter Include="Resource Files">
      <UniqueIdentifier>{D9D6E242-F8AF-46E4-B9FD-80ECBC20BA3E}</UniqueIdentifier>
      <Extensions>qrc;*</Extensions>
      <ParseFiles>false</ParseFiles>
    </Filter>
    <Filter Include="Resource Files">
      <UniqueIdentifier>{D9D6E242-F8AF-46E4-B9FD-80ECBC20BA3E}</UniqueIdentifier>
      <Extensions>qrc;*</Extensions>
      <ParseFiles>false</ParseFiles>
    </Filter>
    <Filter Include="Launcher">
      <UniqueIdentifier>{3bc6377f-d456-4559-93e2-a85630b9a093}</UniqueIdentifier>
    </Filter>
    <Filter Include="LaunchOptions">
      <UniqueIdentifier>{df7ab024-304d-4dc7-8669-d154f80d80e2}</UniqueIdentifier>
    </Filter>
    <Filter Include="Util">
      <UniqueIdentifier>{7129a7a9-beb6-4674-b132-aa7af1370f23}</UniqueIdentifier>
    </Filter>
    <Filter Include="Download">
      <UniqueIdentifier>{c14b76b6-1402-438e-8f62-bde76ad8370d}</UniqueIdentifier>
    </Filter>
    <Filter Include="GameVersion">
      <UniqueIdentifier>{46057e14-0edb-4b47-b895-e488d424b21f}</UniqueIdentifier>
    </Filter>
    <Filter Include="Download\DownloadSource">
      <UniqueIdentifier>{666451e4-6ca4-4954-91b0-ce1b3cf792e6}</UniqueIdentifier>
    </Filter>
    <Filter Include="Launcher\GameVersionPraser">
      <UniqueIdentifier>{092b7a6a-2a38-4b9b-9766-6b9322faac03}</UniqueIdentifier>
    </Filter>
    <Filter Include="LaunchOptions\Account">
      <UniqueIdentifier>{21519a5b-2253-4fbe-aeaa-7e174b4b0292}</UniqueIdentifier>
    </Filter>
    <Filter Include="GameVersion\InfoList">
      <UniqueIdentifier>{8bfd62f3-35ea-4858-84ec-ae25adb6341c}</UniqueIdentifier>
    </Filter>
    <Filter Include="Header Files">
      <UniqueIdentifier>{93995380-89BD-4b04-88EB-625FBE52EBFB}</UniqueIdentifier>
      <Extensions>h;hh;hpp;hxx;hm;inl;inc;xsd</Extensions>
      <ParseFiles>true</ParseFiles>
    </Filter>
    <Filter Include="Source Files">
      <UniqueIdentifier>{4FC737F1-C7A5-4376-A066-2A32D752A2FF}</UniqueIdentifier>
      <Extensions>cpp;c;cc;cxx;def;odl;idl;hpj;bat;asm;asmx</Extensions>
      <ParseFiles>true</ParseFiles>
    </Filter>
    <Filter Include="Util\Exception">
      <UniqueIdentifier>{abd4a1be-2ffb-4d2d-82f2-4087570ee8e7}</UniqueIdentifier>
    </Filter>
    <Filter Include="Util\ThreadPool">
      <UniqueIdentifier>{772bd40e-a123-45c5-a7a3-f63190d58f27}</UniqueIdentifier>
    </Filter>
    <Filter Include="Download\DownloadTask">
      <UniqueIdentifier>{816110b4-0e34-4db9-bbea-9a6a4bf3f81b}</UniqueIdentifier>
    </Filter>
    <Filter Include="Util\FileTools">
      <UniqueIdentifier>{0e4a3c33-0c62-48d9-9860-b9fa71ec96b7}</UniqueIdentifier>
    </Filter>
    <Filter Include="Util\FileTools\zlib">
      <UniqueIdentifier>{51b87703-c2ab-4038-accc-719687a9ad9d}</UniqueIdentifier>
    </Filter>
    <Filter Include="Builder">
      <UniqueIdentifier>{cfb38674-9fed-4ab1-882f-381a8aabf870}</UniqueIdentifier>
    </Filter>
    <Filter Include="Builder\DownloadTaskGenerationTask">
      <UniqueIdentifier>{772475a1-fdca-40ee-ab2e-a65c6ce16090}</UniqueIdentifier>
    </Filter>
  </ItemGroup>
  <ItemGroup>
    <ClCompile Include="Launcher\QGSGameDirectory.cpp">
      <Filter>Launcher</Filter>
    </ClCompile>
    <ClCompile Include="LaunchOptions\QGSLaunchOptionsBuilder.cpp">
      <Filter>LaunchOptions</Filter>
    </ClCompile>
    <ClCompile Include="main.cpp" />
    <ClCompile Include="Util\QGSOperatingSystem.cpp">
      <Filter>Util</Filter>
    </ClCompile>
    <ClCompile Include="LaunchOptions\QGSLaunchOptions.cpp">
      <Filter>LaunchOptions</Filter>
    </ClCompile>
    <ClCompile Include="Util\QGSUuidGenerator.cpp">
      <Filter>Util</Filter>
    </ClCompile>
    <ClCompile Include="LaunchOptions\QGSILaunchOptionsBuilder.cpp">
      <Filter>LaunchOptions</Filter>
    </ClCompile>
    <ClCompile Include="Launcher\QGSILauncherStrategy.cpp">
      <Filter>Launcher</Filter>
    </ClCompile>
    <ClCompile Include="Launcher\QGSGeneralLauncherStrategy.cpp">
      <Filter>Launcher</Filter>
    </ClCompile>
    <ClCompile Include="Launcher\QGSLauncher.cpp">
      <Filter>Launcher</Filter>
    </ClCompile>
    <ClCompile Include="Download\QGSIDownloadSource.cpp">
      <Filter>Download\DownloadSource</Filter>
    </ClCompile>
    <ClCompile Include="Launcher\VersionPraser\QGSIGameVersionPraseStrategy.cpp">
      <Filter>Launcher\GameVersionPraser</Filter>
    </ClCompile>
    <ClCompile Include="Launcher\VersionPraser\QGSGeneralGameVersionPraseStrategy.cpp">
      <Filter>Launcher\GameVersionPraser</Filter>
    </ClCompile>
    <ClCompile Include="LaunchOptions\QGSIAccount.cpp">
      <Filter>LaunchOptions\Account</Filter>
    </ClCompile>
    <ClCompile Include="LaunchOptions\QGSOfflineAccount.cpp">
      <Filter>LaunchOptions\Account</Filter>
    </ClCompile>
    <ClCompile Include="LaunchOptions\QGSYggdrasilAccount.cpp">
      <Filter>LaunchOptions\Account</Filter>
    </ClCompile>
    <ClCompile Include="GameVersion\QGSOptifineVersionInfoListFactory.cpp">
      <Filter>GameVersion</Filter>
    </ClCompile>
    <ClCompile Include="GameVersion\QGSLiteLoaderVersionInfoListFactory.cpp">
      <Filter>GameVersion</Filter>
    </ClCompile>
    <ClCompile Include="GameVersion\QGSGameVersionInfoListFactory.cpp">
      <Filter>GameVersion</Filter>
    </ClCompile>
    <ClCompile Include="GameVersion\QGSForgeVersionInfoListFactory.cpp">
      <Filter>GameVersion</Filter>
    </ClCompile>
    <ClCompile Include="GameVersion\QGSAssetIndexInfoFactory.cpp">
      <Filter>GameVersion</Filter>
    </ClCompile>
    <ClCompile Include="Util\QGSException.cpp">
      <Filter>Util\Exception</Filter>
    </ClCompile>
    <ClCompile Include="Util\QGSExceptionAuthentication.cpp">
      <Filter>Util\Exception</Filter>
    </ClCompile>
    <ClCompile Include="Util\QGSExceptionInvalidValue.cpp">
      <Filter>Util\Exception</Filter>
    </ClCompile>
    <ClCompile Include="Util\QGSExceptionJsonPraseError.cpp">
      <Filter>Util\Exception</Filter>
    </ClCompile>
    <ClCompile Include="Util\QGSExceptionVersionNotFound.cpp">
      <Filter>Util\Exception</Filter>
    </ClCompile>
    <ClCompile Include="Launcher\VersionPraser\QGSGameVersionPraser.cpp">
      <Filter>Launcher</Filter>
    </ClCompile>
    <ClCompile Include="LaunchOptions\QGSYggdrasilAccountFactory.cpp">
      <Filter>LaunchOptions</Filter>
    </ClCompile>
    <ClCompile Include="LaunchOptions\QGSOfflineAccountFactory.cpp">
      <Filter>LaunchOptions</Filter>
    </ClCompile>
    <ClCompile Include="LaunchOptions\QGSIAccountFactory.cpp">
      <Filter>LaunchOptions</Filter>
    </ClCompile>
    <ClCompile Include="Util\QGSExceptionCompress.cpp">
      <Filter>Util\Exception</Filter>
    </ClCompile>
    <ClCompile Include="Util\QGSThreadPool.cpp">
      <Filter>Util\ThreadPool</Filter>
    </ClCompile>
    <ClCompile Include="Download\QGSAssetIndexJsonDownloadTask.cpp">
      <Filter>Download\DownloadTask</Filter>
    </ClCompile>
    <ClCompile Include="Download\QGSAssetObjectDownloadTask.cpp">
      <Filter>Download\DownloadTask</Filter>
    </ClCompile>
    <ClCompile Include="Download\QGSDownloadTask.cpp">
      <Filter>Download\DownloadTask</Filter>
    </ClCompile>
    <ClCompile Include="Download\QGSForgeDownloadTask.cpp">
      <Filter>Download\DownloadTask</Filter>
    </ClCompile>
    <ClCompile Include="Download\QGSGameVersionDownloadTask.cpp">
      <Filter>Download\DownloadTask</Filter>
    </ClCompile>
    <ClCompile Include="Download\QGSGameVersionJsonDownloadTask.cpp">
      <Filter>Download\DownloadTask</Filter>
    </ClCompile>
    <ClCompile Include="Download\QGSLibraryDownloadTask.cpp">
      <Filter>Download\DownloadTask</Filter>
    </ClCompile>
    <ClCompile Include="Download\QGSLiteLoaderDownloadTask.cpp">
      <Filter>Download\DownloadTask</Filter>
    </ClCompile>
    <ClCompile Include="Download\QGSOptifineDownloadTask.cpp">
      <Filter>Download\DownloadTask</Filter>
    </ClCompile>
    <ClCompile Include="Download\QGSDownloadTaskFactory.cpp">
      <Filter>Download</Filter>
    </ClCompile>
    <ClCompile Include="Util\QGSTask.cpp">
      <Filter>Util\ThreadPool</Filter>
    </ClCompile>
    <ClCompile Include="GameVersion\QGSGameVersion.cpp">
      <Filter>GameVersion</Filter>
    </ClCompile>
    <ClCompile Include="GameVersion\QGSRules.cpp">
      <Filter>GameVersion</Filter>
    </ClCompile>
    <ClCompile Include="GameVersion\QGSLogging.cpp">
      <Filter>GameVersion</Filter>
    </ClCompile>
    <ClCompile Include="GameVersion\QGSLibrary.cpp">
      <Filter>GameVersion</Filter>
    </ClCompile>
    <ClCompile Include="GameVersion\QGSExtract.cpp">
      <Filter>GameVersion</Filter>
    </ClCompile>
    <ClCompile Include="GameVersion\QGSDownloads.cpp">
      <Filter>GameVersion</Filter>
    </ClCompile>
    <ClCompile Include="GameVersion\QGSAssetIndex.cpp">
      <Filter>GameVersion</Filter>
    </ClCompile>
    <ClCompile Include="GameVersion\QGSArguments.cpp">
      <Filter>GameVersion</Filter>
    </ClCompile>
    <ClCompile Include="GameVersion\QGSLiteLoaderVersionInfoList.cpp">
      <Filter>GameVersion\InfoList</Filter>
    </ClCompile>
    <ClCompile Include="GameVersion\QGSGameVersionInfoList.cpp">
      <Filter>GameVersion\InfoList</Filter>
    </ClCompile>
    <ClCompile Include="GameVersion\QGSForgeVersionInfoList.cpp">
      <Filter>GameVersion\InfoList</Filter>
    </ClCompile>
    <ClCompile Include="GameVersion\QGSAssetIndexInfo.cpp">
      <Filter>GameVersion\InfoList</Filter>
    </ClCompile>
    <ClCompile Include="LaunchOptions\QGSAuthInfo.cpp">
      <Filter>LaunchOptions</Filter>
    </ClCompile>
    <ClCompile Include="GameVersion\QGSOptifineVersionInfoList.cpp">
      <Filter>GameVersion\InfoList</Filter>
    </ClCompile>
    <ClCompile Include="Util\QGSNetworkAccessManager.cpp">
      <Filter>Util</Filter>
    </ClCompile>
    <ClCompile Include="Download\QGSDownloadInfo.cpp">
      <Filter>Download</Filter>
    </ClCompile>
    <ClCompile Include="GameVersion\QGSOptifineVersionInfo.cpp">
      <Filter>GameVersion\InfoList</Filter>
    </ClCompile>
    <ClCompile Include="GameVersion\QGSLiteLoaderVersionInfo.cpp">
      <Filter>GameVersion\InfoList</Filter>
    </ClCompile>
    <ClCompile Include="GameVersion\QGSLiteLoaderVersionMeta.cpp">
      <Filter>GameVersion\InfoList</Filter>
    </ClCompile>
    <ClCompile Include="GameVersion\QGSLiteLoaderVersionReposity.cpp">
      <Filter>GameVersion\InfoList</Filter>
    </ClCompile>
    <ClCompile Include="GameVersion\QGSAssetObject.cpp">
      <Filter>GameVersion\InfoList</Filter>
    </ClCompile>
    <ClCompile Include="GameVersion\QGSForgeVersionInfo.cpp">
      <Filter>GameVersion\InfoList</Filter>
    </ClCompile>
    <ClCompile Include="GameVersion\QGSGameVersionInfo.cpp">
      <Filter>GameVersion\InfoList</Filter>
    </ClCompile>
    <ClCompile Include="Download\QGSDownloader.cpp">
      <Filter>Download\DownloadTask</Filter>
    </ClCompile>
    <ClCompile Include="Util\QGSFileTools.cpp">
      <Filter>Util\FileTools</Filter>
    </ClCompile>
    <ClCompile Include="Util\zlib\inffas86.c">
      <Filter>Util\FileTools\zlib</Filter>
    </ClCompile>
    <ClCompile Include="Util\zlib\ioapi.c">
      <Filter>Util\FileTools\zlib</Filter>
    </ClCompile>
    <ClCompile Include="Util\zlib\iowin32.c">
      <Filter>Util\FileTools\zlib</Filter>
    </ClCompile>
    <ClCompile Include="Util\zlib\mztools.c">
      <Filter>Util\FileTools\zlib</Filter>
    </ClCompile>
    <ClCompile Include="Util\zlib\unzip.c">
      <Filter>Util\FileTools\zlib</Filter>
    </ClCompile>
    <ClCompile Include="Util\zlib\zip.c">
      <Filter>Util\FileTools\zlib</Filter>
    </ClCompile>
    <ClCompile Include="Util\QGSTaskThread.cpp">
      <Filter>Util\ThreadPool</Filter>
    </ClCompile>
    <ClCompile Include="Builder\QGSBuilderFactory.cpp">
      <Filter>Builder</Filter>
    </ClCompile>
    <ClCompile Include="Builder\QGSIBuilder.cpp">
      <Filter>Builder</Filter>
    </ClCompile>
    <ClCompile Include="Util\QGSExceptionIO.cpp">
      <Filter>Util\Exception</Filter>
    </ClCompile>
    <ClCompile Include="Download\QGSOfficialDownloadSource.cpp">
      <Filter>Download\DownloadSource</Filter>
    </ClCompile>
    <ClCompile Include="Download\QGSBMCLAPIDownloadSource.cpp">
      <Filter>Download\DownloadSource</Filter>
    </ClCompile>
    <ClCompile Include="Builder\QGSGameVersionBuilder.cpp">
      <Filter>Builder</Filter>
    </ClCompile>
    <ClCompile Include="Builder\QGSDownloadTaskGenerationTask.cpp">
      <Filter>Builder\DownloadTaskGenerationTask</Filter>
    </ClCompile>
    <ClCompile Include="Builder\QGSGameVersionJsonDownloadTaskGenerationTask.cpp">
      <Filter>Builder\DownloadTaskGenerationTask</Filter>
    </ClCompile>
    <ClCompile Include="Builder\QGSGameVersionDownloadTaskGenerationTask.cpp">
      <Filter>Builder\DownloadTaskGenerationTask</Filter>
    </ClCompile>
    <ClCompile Include="Builder\QGSLibraryBuilder.cpp">
      <Filter>Builder</Filter>
    </ClCompile>
    <ClCompile Include="Builder\QGSAssetBuilder.cpp">
      <Filter>Builder</Filter>
    </ClCompile>
    <ClCompile Include="Builder\QGSAssetIndexJsonDownloadTaskGenerationTask.cpp">
      <Filter>Builder\DownloadTaskGenerationTask</Filter>
    </ClCompile>
    <ClCompile Include="Builder\QGSAssetObjectDownloadTaskGenerationTask.cpp">
      <Filter>Builder\DownloadTaskGenerationTask</Filter>
    </ClCompile>
  </ItemGroup>
  <ItemGroup>
    <ClInclude Include="LaunchOptions\QGSLaunchOptions.h">
      <Filter>LaunchOptions</Filter>
    </ClInclude>
    <ClInclude Include="QGettingStarted.h" />
    <ClInclude Include="Launcher\QGSILauncherStrategy.h">
      <Filter>Launcher</Filter>
    </ClInclude>
    <ClInclude Include="Launcher\QGSGeneralLauncherStrategy.h">
      <Filter>Launcher</Filter>
    </ClInclude>
    <ClInclude Include="Launcher\VersionPraser\QGSGeneralGameVersionPraseStrategy.h">
      <Filter>Launcher\GameVersionPraser</Filter>
    </ClInclude>
    <ClInclude Include="Util\QGSException.h">
      <Filter>Util\Exception</Filter>
    </ClInclude>
    <ClInclude Include="Util\QGSExceptionAuthentication.h">
      <Filter>Util\Exception</Filter>
    </ClInclude>
    <ClInclude Include="Util\QGSExceptionInvalidValue.h">
      <Filter>Util\Exception</Filter>
    </ClInclude>
    <ClInclude Include="Util\QGSExceptionJsonPraseError.h">
      <Filter>Util\Exception</Filter>
    </ClInclude>
    <ClInclude Include="Util\QGSExceptionVersionNotFound.h">
      <Filter>Util\Exception</Filter>
    </ClInclude>
    <ClInclude Include="Launcher\VersionPraser\QGSIGameVersionPraseStrategy.h">
      <Filter>Launcher\GameVersionPraser</Filter>
    </ClInclude>
    <ClInclude Include="Util\QGSExceptionCompress.h">
      <Filter>Util\Exception</Filter>
    </ClInclude>
    <ClInclude Include="GameVersion\QGSGameVersion.h">
      <Filter>GameVersion</Filter>
    </ClInclude>
    <ClInclude Include="GameVersion\QGSRules.h">
      <Filter>GameVersion</Filter>
    </ClInclude>
    <ClInclude Include="GameVersion\QGSLogging.h">
      <Filter>GameVersion</Filter>
    </ClInclude>
    <ClInclude Include="GameVersion\QGSLibrary.h">
      <Filter>GameVersion</Filter>
    </ClInclude>
    <ClInclude Include="GameVersion\QGSExtract.h">
      <Filter>GameVersion</Filter>
    </ClInclude>
    <ClInclude Include="GameVersion\QGSAssetIndex.h">
      <Filter>GameVersion</Filter>
    </ClInclude>
    <ClInclude Include="GameVersion\QGSArguments.h">
      <Filter>GameVersion</Filter>
    </ClInclude>
    <ClInclude Include="GameVersion\QGSLiteLoaderVersionInfoList.h">
      <Filter>GameVersion\InfoList</Filter>
    </ClInclude>
    <ClInclude Include="GameVersion\QGSGameVersionInfoList.h">
      <Filter>GameVersion\InfoList</Filter>
    </ClInclude>
    <ClInclude Include="GameVersion\QGSForgeVersionInfoList.h">
      <Filter>GameVersion\InfoList</Filter>
    </ClInclude>
    <ClInclude Include="GameVersion\QGSAssetIndexInfo.h">
      <Filter>GameVersion\InfoList</Filter>
    </ClInclude>
    <ClInclude Include="LaunchOptions\QGSAuthInfo.h">
      <Filter>LaunchOptions</Filter>
    </ClInclude>
    <ClInclude Include="GameVersion\QGSOptifineVersionInfoList.h">
      <Filter>GameVersion\InfoList</Filter>
    </ClInclude>
    <ClInclude Include="Download\QGSDownloadInfo.h">
      <Filter>Download</Filter>
    </ClInclude>
    <ClInclude Include="GameVersion\QGSOptifineVersionInfo.h">
      <Filter>GameVersion\InfoList</Filter>
    </ClInclude>
    <ClInclude Include="GameVersion\QGSLiteLoaderVersionInfo.h">
      <Filter>GameVersion\InfoList</Filter>
    </ClInclude>
    <ClInclude Include="GameVersion\QGSLiteLoaderVersionMeta.h">
      <Filter>GameVersion\InfoList</Filter>
    </ClInclude>
    <ClInclude Include="GameVersion\QGSLiteLoaderVersionReposity.h">
      <Filter>GameVersion\InfoList</Filter>
    </ClInclude>
    <ClInclude Include="GameVersion\QGSAssetObject.h">
      <Filter>GameVersion\InfoList</Filter>
    </ClInclude>
    <ClInclude Include="GameVersion\QGSForgeVersionInfo.h">
      <Filter>GameVersion\InfoList</Filter>
    </ClInclude>
    <ClInclude Include="GameVersion\QGSGameVersionInfo.h">
      <Filter>GameVersion\InfoList</Filter>
    </ClInclude>
    <ClInclude Include="GameVersion\QGSDownloads.h">
      <Filter>GameVersion</Filter>
    </ClInclude>
    <ClInclude Include="Util\QGSExceptionIO.h">
      <Filter>Util\Exception</Filter>
    </ClInclude>
    <ClInclude Include="Builder\QGSGameVersionJsonDownloadTaskGenerationTask.h">
      <Filter>Builder\DownloadTaskGenerationTask</Filter>
    </ClInclude>
    <ClInclude Include="Builder\QGSGameVersionDownloadTaskGenerationTask.h">
      <Filter>Builder\DownloadTaskGenerationTask</Filter>
    </ClInclude>
    <ClInclude Include="Builder\QGSAssetIndexJsonDownloadTaskGenerationTask.h">
      <Filter>Builder\DownloadTaskGenerationTask</Filter>
    </ClInclude>
    <ClInclude Include="Builder\QGSAssetObjectDownloadTaskGenerationTask.h">
      <Filter>Builder\DownloadTaskGenerationTask</Filter>
    </ClInclude>
  </ItemGroup>
  <ItemGroup>
    <QtMoc Include="Download\QGSIDownloadSource.h">
      <Filter>Download\DownloadSource</Filter>
    </QtMoc>
    <QtMoc Include="Util\QGSThreadPool.h">
      <Filter>Util\ThreadPool</Filter>
    </QtMoc>
    <QtMoc Include="Download\QGSAssetIndexJsonDownloadTask.h">
      <Filter>Download\DownloadTask</Filter>
    </QtMoc>
    <QtMoc Include="Download\QGSAssetObjectDownloadTask.h">
      <Filter>Download\DownloadTask</Filter>
    </QtMoc>
    <QtMoc Include="Download\QGSForgeDownloadTask.h">
      <Filter>Download\DownloadTask</Filter>
    </QtMoc>
    <QtMoc Include="Download\QGSGameVersionDownloadTask.h">
      <Filter>Download\DownloadTask</Filter>
    </QtMoc>
    <QtMoc Include="Download\QGSGameVersionJsonDownloadTask.h">
      <Filter>Download\DownloadTask</Filter>
    </QtMoc>
    <QtMoc Include="Download\QGSLibraryDownloadTask.h">
      <Filter>Download\DownloadTask</Filter>
    </QtMoc>
    <QtMoc Include="Download\QGSLiteLoaderDownloadTask.h">
      <Filter>Download\DownloadTask</Filter>
    </QtMoc>
    <QtMoc Include="Download\QGSOptifineDownloadTask.h">
      <Filter>Download\DownloadTask</Filter>
    </QtMoc>
    <QtMoc Include="Util\QGSTask.h">
      <Filter>Util\ThreadPool</Filter>
    </QtMoc>
    <QtMoc Include="Download\QGSDownloadTask.h">
      <Filter>Download\DownloadTask</Filter>
    </QtMoc>
    <QtMoc Include="Util\QGSNetworkAccessManager.h">
      <Filter>Util</Filter>
    </QtMoc>
    <QtMoc Include="Download\QGSDownloader.h">
      <Filter>Download\DownloadTask</Filter>
    </QtMoc>
    <QtMoc Include="Download\QGSDownloadTaskFactory.h">
      <Filter>Download</Filter>
    </QtMoc>
    <QtMoc Include="GameVersion\QGSAssetIndexInfoFactory.h">
      <Filter>GameVersion</Filter>
    </QtMoc>
    <QtMoc Include="GameVersion\QGSForgeVersionInfoListFactory.h">
      <Filter>GameVersion</Filter>
    </QtMoc>
    <QtMoc Include="GameVersion\QGSGameVersionInfoListFactory.h">
      <Filter>GameVersion</Filter>
    </QtMoc>
    <QtMoc Include="GameVersion\QGSLiteLoaderVersionInfoListFactory.h">
      <Filter>GameVersion</Filter>
    </QtMoc>
    <QtMoc Include="GameVersion\QGSOptifineVersionInfoListFactory.h">
      <Filter>GameVersion</Filter>
    </QtMoc>
    <QtMoc Include="Launcher\QGSGameDirectory.h">
      <Filter>Launcher</Filter>
    </QtMoc>
    <QtMoc Include="Launcher\VersionPraser\QGSGameVersionPraser.h">
      <Filter>Launcher</Filter>
    </QtMoc>
    <QtMoc Include="Launcher\QGSLauncher.h">
      <Filter>Launcher</Filter>
    </QtMoc>
    <QtMoc Include="Util\QGSTaskThread.h">
      <Filter>Util\ThreadPool</Filter>
    </QtMoc>
    <QtMoc Include="LaunchOptions\QGSIAccount.h">
      <Filter>LaunchOptions\Account</Filter>
    </QtMoc>
    <QtMoc Include="LaunchOptions\QGSOfflineAccount.h">
      <Filter>LaunchOptions\Account</Filter>
    </QtMoc>
    <QtMoc Include="LaunchOptions\QGSYggdrasilAccount.h">
      <Filter>LaunchOptions\Account</Filter>
    </QtMoc>
    <QtMoc Include="LaunchOptions\QGSIAccountFactory.h">
      <Filter>LaunchOptions</Filter>
    </QtMoc>
    <QtMoc Include="LaunchOptions\QGSOfflineAccountFactory.h">
      <Filter>LaunchOptions</Filter>
    </QtMoc>
    <QtMoc Include="LaunchOptions\QGSYggdrasilAccountFactory.h">
      <Filter>LaunchOptions</Filter>
    </QtMoc>
    <QtMoc Include="LaunchOptions\QGSILaunchOptionsBuilder.h">
      <Filter>LaunchOptions</Filter>
    </QtMoc>
    <QtMoc Include="LaunchOptions\QGSLaunchOptionsBuilder.h">
      <Filter>LaunchOptions</Filter>
    </QtMoc>
    <QtMoc Include="Util\QGSUuidGenerator.h">
      <Filter>Util</Filter>
    </QtMoc>
    <QtMoc Include="Util\QGSOperatingSystem.h">
      <Filter>Util</Filter>
    </QtMoc>
    <QtMoc Include="Util\QGSFileTools.h">
      <Filter>Util\FileTools</Filter>
    </QtMoc>
    <QtMoc Include="Builder\QGSBuilderFactory.h">
      <Filter>Builder</Filter>
    </QtMoc>
    <QtMoc Include="Builder\QGSIBuilder.h">
      <Filter>Builder</Filter>
    </QtMoc>
    <QtMoc Include="Download\QGSOfficialDownloadSource.h">
      <Filter>Download\DownloadSource</Filter>
    </QtMoc>
    <QtMoc Include="Download\QGSBMCLAPIDownloadSource.h">
      <Filter>Download\DownloadSource</Filter>
    </QtMoc>
    <QtMoc Include="Builder\QGSGameVersionBuilder.h">
      <Filter>Builder</Filter>
    </QtMoc>
    <QtMoc Include="Builder\QGSDownloadTaskGenerationTask.h">
      <Filter>Builder\DownloadTaskGenerationTask</Filter>
    </QtMoc>
    <QtMoc Include="Builder\QGSLibraryBuilder.h">
      <Filter>Builder</Filter>
    </QtMoc>
    <QtMoc Include="Builder\QGSAssetBuilder.h">
      <Filter>Builder</Filter>
    </QtMoc>
  </ItemGroup>
</Project>