<?xml version="1.0" encoding="utf-8"?>
<Project ToolsVersion="4.0" xmlns="http://schemas.microsoft.com/developer/msbuild/2003">
  <ItemGroup>
    <Filter Include="Resource Files">
      <UniqueIdentifier>{D9D6E242-F8AF-46E4-B9FD-80ECBC20BA3E}</UniqueIdentifier>
      <Extensions>qrc;*</Extensions>
      <ParseFiles>false</ParseFiles>
    </Filter>
    <Filter Include="Resource Files">
      <UniqueIdentifier>{D9D6E242-F8AF-46E4-B9FD-80ECBC20BA3E}</UniqueIdentifier>
      <Extensions>qrc;*</Extensions>
      <ParseFiles>false</ParseFiles>
    </Filter>
    <Filter Include="Generated Files">
      <UniqueIdentifier>{71ED8ED8-ACB9-4CE9-BBE1-E00B30144E11}</UniqueIdentifier>
      <Extensions>moc;h;cpp</Extensions>
      <SourceControlFiles>False</SourceControlFiles>
    </Filter>
    <Filter Include="Launcher">
      <UniqueIdentifier>{3bc6377f-d456-4559-93e2-a85630b9a093}</UniqueIdentifier>
    </Filter>
    <Filter Include="LaunchOptions">
      <UniqueIdentifier>{df7ab024-304d-4dc7-8669-d154f80d80e2}</UniqueIdentifier>
    </Filter>
    <Filter Include="Library">
      <UniqueIdentifier>{414e7e32-d33a-4736-a89e-349f2802679a}</UniqueIdentifier>
    </Filter>
    <Filter Include="Util">
      <UniqueIdentifier>{7129a7a9-beb6-4674-b132-aa7af1370f23}</UniqueIdentifier>
    </Filter>
    <Filter Include="Version">
      <UniqueIdentifier>{f01eef72-ece0-47ef-8784-babc5032db48}</UniqueIdentifier>
    </Filter>
  </ItemGroup>
  <ItemGroup>
    <ClCompile Include="Launcher\IGameDirectory.cpp">
      <Filter>Launcher</Filter>
    </ClCompile>
    <ClCompile Include="Launcher\QGSGameDirectory.cpp">
      <Filter>Launcher</Filter>
    </ClCompile>
    <ClCompile Include="Launcher\QGSLauncher.cpp">
      <Filter>Launcher</Filter>
    </ClCompile>
    <ClCompile Include="LaunchOptions\IAuthenticator.cpp">
      <Filter>LaunchOptions</Filter>
    </ClCompile>
    <ClCompile Include="LaunchOptions\ILaunchOptions.cpp">
      <Filter>LaunchOptions</Filter>
    </ClCompile>
    <ClCompile Include="LaunchOptions\ILaunchOptionsBuilder.cpp">
      <Filter>LaunchOptions</Filter>
    </ClCompile>
    <ClCompile Include="LaunchOptions\QGSLaunchOptions.cpp">
      <Filter>LaunchOptions</Filter>
    </ClCompile>
    <ClCompile Include="LaunchOptions\QGSLaunchOptionsBuilder.cpp">
      <Filter>LaunchOptions</Filter>
    </ClCompile>
    <ClCompile Include="LaunchOptions\QGSOfflineAuthenticator.cpp">
      <Filter>LaunchOptions</Filter>
    </ClCompile>
    <ClCompile Include="Library\Library.cpp">
      <Filter>Library</Filter>
    </ClCompile>
    <ClCompile Include="Library\Rules.cpp">
      <Filter>Library</Filter>
    </ClCompile>
    <ClCompile Include="Version\IJsonPraseStrategy.cpp">
      <Filter>Version</Filter>
    </ClCompile>
    <ClCompile Include="Version\IVersion.cpp">
      <Filter>Version</Filter>
    </ClCompile>
    <ClCompile Include="Version\QGSVersion.cpp">
      <Filter>Version</Filter>
    </ClCompile>
    <ClCompile Include="Util\OperatingSystem.cpp">
      <Filter>Util</Filter>
    </ClCompile>
    <ClCompile Include="Library\Downloads.cpp">
      <Filter>Library</Filter>
    </ClCompile>
    <ClCompile Include="Library\Extract.cpp">
      <Filter>Library</Filter>
    </ClCompile>
    <ClCompile Include="Version\IVersionBuilder.cpp">
      <Filter>Version</Filter>
    </ClCompile>
    <ClCompile Include="Version\Arguments.cpp">
      <Filter>Version</Filter>
    </ClCompile>
    <ClCompile Include="Version\AssetIndex.cpp">
      <Filter>Version</Filter>
    </ClCompile>
    <ClCompile Include="Version\Logging.cpp">
      <Filter>Version</Filter>
    </ClCompile>
    <ClCompile Include="main.cpp" />
    <ClCompile Include="Version\IVersionFlyweightFactory.cpp">
      <Filter>Version</Filter>
    </ClCompile>
    <ClCompile Include="Version\QGSVersionFlyweightFactory.cpp">
      <Filter>Version</Filter>
    </ClCompile>
  </ItemGroup>
  <ItemGroup>
    <ClInclude Include="Launcher\IGameDirectory.h">
      <Filter>Launcher</Filter>
    </ClInclude>
    <ClInclude Include="Launcher\QGSGameDirectory.h">
      <Filter>Launcher</Filter>
    </ClInclude>
    <ClInclude Include="Launcher\QGSLauncher.h">
      <Filter>Launcher</Filter>
    </ClInclude>
    <ClInclude Include="LaunchOptions\IAuthenticator.h">
      <Filter>LaunchOptions</Filter>
    </ClInclude>
    <ClInclude Include="LaunchOptions\ILaunchOptions.h">
      <Filter>LaunchOptions</Filter>
    </ClInclude>
    <ClInclude Include="LaunchOptions\ILaunchOptionsBuilder.h">
      <Filter>LaunchOptions</Filter>
    </ClInclude>
    <ClInclude Include="LaunchOptions\QGSLaunchOptions.h">
      <Filter>LaunchOptions</Filter>
    </ClInclude>
    <ClInclude Include="LaunchOptions\QGSLaunchOptionsBuilder.h">
      <Filter>LaunchOptions</Filter>
    </ClInclude>
    <ClInclude Include="LaunchOptions\QGSOfflineAuthenticator.h">
      <Filter>LaunchOptions</Filter>
    </ClInclude>
    <ClInclude Include="Library\Library.h">
      <Filter>Library</Filter>
    </ClInclude>
    <ClInclude Include="Library\Rules.h">
      <Filter>Library</Filter>
    </ClInclude>
    <ClInclude Include="Version\IJsonPraseStrategy.h">
      <Filter>Version</Filter>
    </ClInclude>
    <ClInclude Include="Version\IVersion.h">
      <Filter>Version</Filter>
    </ClInclude>
    <ClInclude Include="Version\QGSVersion.h">
      <Filter>Version</Filter>
    </ClInclude>
    <ClInclude Include="Util\OperatingSystem.h">
      <Filter>Util</Filter>
    </ClInclude>
    <ClInclude Include="Library\Downloads.h">
      <Filter>Library</Filter>
    </ClInclude>
    <ClInclude Include="Library\Extract.h">
      <Filter>Library</Filter>
    </ClInclude>
    <ClInclude Include="Version\IVersionBuilder.h">
      <Filter>Version</Filter>
    </ClInclude>
    <ClInclude Include="Version\Arguments.h">
      <Filter>Version</Filter>
    </ClInclude>
    <ClInclude Include="Version\AssetIndex.h">
      <Filter>Version</Filter>
    </ClInclude>
    <ClInclude Include="Version\Logging.h">
      <Filter>Version</Filter>
    </ClInclude>
    <ClInclude Include="Version\IVersionFlyweightFactory.h">
      <Filter>Version</Filter>
    </ClInclude>
    <ClInclude Include="Version\QGSVersionFlyweightFactory.h">
      <Filter>Version</Filter>
    </ClInclude>
  </ItemGroup>
</Project>