<?xml version="1.0" encoding="utf-8"?>
<Project ToolsVersion="4.0" xmlns="http://schemas.microsoft.com/developer/msbuild/2003">
  <ItemGroup>
    <Filter Include="Resource Files">
      <UniqueIdentifier>{D9D6E242-F8AF-46E4-B9FD-80ECBC20BA3E}</UniqueIdentifier>
      <Extensions>qrc;*</Extensions>
      <ParseFiles>false</ParseFiles>
    </Filter>
    <Filter Include="Resource Files">
      <UniqueIdentifier>{D9D6E242-F8AF-46E4-B9FD-80ECBC20BA3E}</UniqueIdentifier>
      <Extensions>qrc;*</Extensions>
      <ParseFiles>false</ParseFiles>
    </Filter>
    <Filter Include="Generated Files">
      <UniqueIdentifier>{71ED8ED8-ACB9-4CE9-BBE1-E00B30144E11}</UniqueIdentifier>
      <Extensions>moc;h;cpp</Extensions>
      <SourceControlFiles>False</SourceControlFiles>
    </Filter>
    <Filter Include="Launcher">
      <UniqueIdentifier>{3bc6377f-d456-4559-93e2-a85630b9a093}</UniqueIdentifier>
    </Filter>
    <Filter Include="LaunchOptions">
      <UniqueIdentifier>{df7ab024-304d-4dc7-8669-d154f80d80e2}</UniqueIdentifier>
    </Filter>
    <Filter Include="Util">
      <UniqueIdentifier>{7129a7a9-beb6-4674-b132-aa7af1370f23}</UniqueIdentifier>
    </Filter>
    <Filter Include="Version">
      <UniqueIdentifier>{f01eef72-ece0-47ef-8784-babc5032db48}</UniqueIdentifier>
    </Filter>
    <Filter Include="Launcher\VersionPraser">
      <UniqueIdentifier>{092b7a6a-2a38-4b9b-9766-6b9322faac03}</UniqueIdentifier>
    </Filter>
    <Filter Include="Generated Files\Debug">
      <UniqueIdentifier>{02637500-6b9b-4c86-8655-f4ee3fd7db4b}</UniqueIdentifier>
      <Extensions>cpp;moc</Extensions>
      <SourceControlFiles>False</SourceControlFiles>
    </Filter>
  </ItemGroup>
  <ItemGroup>
    <ClCompile Include="Launcher\QGSGameDirectory.cpp">
      <Filter>Launcher</Filter>
    </ClCompile>
    <ClCompile Include="LaunchOptions\QGSLaunchOptionsBuilder.cpp">
      <Filter>LaunchOptions</Filter>
    </ClCompile>
    <ClCompile Include="Version\Arguments.cpp">
      <Filter>Version</Filter>
    </ClCompile>
    <ClCompile Include="Version\AssetIndex.cpp">
      <Filter>Version</Filter>
    </ClCompile>
    <ClCompile Include="Version\Logging.cpp">
      <Filter>Version</Filter>
    </ClCompile>
    <ClCompile Include="main.cpp" />
    <ClCompile Include="Version\Downloads.cpp">
      <Filter>Version</Filter>
    </ClCompile>
    <ClCompile Include="Version\Extract.cpp">
      <Filter>Version</Filter>
    </ClCompile>
    <ClCompile Include="Version\Library.cpp">
      <Filter>Version</Filter>
    </ClCompile>
    <ClCompile Include="Version\Rules.cpp">
      <Filter>Version</Filter>
    </ClCompile>
    <ClCompile Include="Version\Asset.cpp">
      <Filter>Version</Filter>
    </ClCompile>
    <ClCompile Include="Version\Version.cpp">
      <Filter>Version</Filter>
    </ClCompile>
    <ClCompile Include="Util\QGSOperatingSystem.cpp">
      <Filter>Util</Filter>
    </ClCompile>
    <ClCompile Include="Util\QGSException.cpp">
      <Filter>Util</Filter>
    </ClCompile>
    <ClCompile Include="Util\QGSExceptionVersionNotFound.cpp">
      <Filter>Util</Filter>
    </ClCompile>
    <ClCompile Include="LaunchOptions\QGSLaunchOptions.cpp">
      <Filter>LaunchOptions</Filter>
    </ClCompile>
    <ClCompile Include="LaunchOptions\AuthInfo.cpp">
      <Filter>LaunchOptions</Filter>
    </ClCompile>
    <ClCompile Include="LaunchOptions\QGSOfflineAccountFactory.cpp">
      <Filter>LaunchOptions</Filter>
    </ClCompile>
    <ClCompile Include="LaunchOptions\QGSOfflineAccount.cpp">
      <Filter>LaunchOptions</Filter>
    </ClCompile>
    <ClCompile Include="Util\QGSUuidGenerator.cpp">
      <Filter>Util</Filter>
    </ClCompile>
    <ClCompile Include="Util\QGSExceptionJsonPraseError.cpp">
      <Filter>Util</Filter>
    </ClCompile>
    <ClCompile Include="Util\QGSExceptionFileIO.cpp">
      <Filter>Util</Filter>
    </ClCompile>
    <ClCompile Include="LaunchOptions\QGSILaunchOptionsBuilder.cpp">
      <Filter>LaunchOptions</Filter>
    </ClCompile>
    <ClCompile Include="LaunchOptions\QGSIAccountFactory.cpp">
      <Filter>LaunchOptions</Filter>
    </ClCompile>
    <ClCompile Include="LaunchOptions\QGSIAccount.cpp">
      <Filter>LaunchOptions</Filter>
    </ClCompile>
    <ClCompile Include="LaunchOptions\QGSYggdrasilAccount.cpp">
      <Filter>LaunchOptions</Filter>
    </ClCompile>
    <ClCompile Include="LaunchOptions\QGSYggdrasilAccountFactory.cpp">
      <Filter>LaunchOptions</Filter>
    </ClCompile>
    <ClCompile Include="Util\QGSNetwork.cpp">
      <Filter>Util</Filter>
    </ClCompile>
    <ClCompile Include="Util\QGSExceptionAuthentication.cpp">
      <Filter>Util</Filter>
    </ClCompile>
    <ClCompile Include="GeneratedFiles\Debug\moc_QGSNetwork.cpp">
      <Filter>Generated Files\Debug</Filter>
    </ClCompile>
    <ClCompile Include="Launcher\VersionPraser\QGSIVersionPraseStrategy.cpp">
      <Filter>Launcher\VersionPraser</Filter>
    </ClCompile>
    <ClCompile Include="Launcher\VersionPraser\QGSGeneralVersionPraseStrategy.cpp">
      <Filter>Launcher\VersionPraser</Filter>
    </ClCompile>
    <ClCompile Include="Launcher\VersionPraser\QGSVersionPraser.cpp">
      <Filter>Launcher\VersionPraser</Filter>
    </ClCompile>
    <ClCompile Include="Launcher\QGSILauncherStrategy.cpp">
      <Filter>Launcher</Filter>
    </ClCompile>
    <ClCompile Include="Launcher\QGSGeneralLauncherStrategy.cpp">
      <Filter>Launcher</Filter>
    </ClCompile>
    <ClCompile Include="Launcher\QGSLauncher.cpp">
      <Filter>Launcher</Filter>
    </ClCompile>
    <ClCompile Include="Util\QGSCompress.cpp">
      <Filter>Util</Filter>
    </ClCompile>
    <ClCompile Include="Util\QGSExceptionCompress.cpp">
      <Filter>Util</Filter>
    </ClCompile>
  </ItemGroup>
  <ItemGroup>
    <ClInclude Include="Launcher\QGSGameDirectory.h">
      <Filter>Launcher</Filter>
    </ClInclude>
    <ClInclude Include="LaunchOptions\QGSLaunchOptionsBuilder.h">
      <Filter>LaunchOptions</Filter>
    </ClInclude>
    <ClInclude Include="Version\Arguments.h">
      <Filter>Version</Filter>
    </ClInclude>
    <ClInclude Include="Version\AssetIndex.h">
      <Filter>Version</Filter>
    </ClInclude>
    <ClInclude Include="Version\Logging.h">
      <Filter>Version</Filter>
    </ClInclude>
    <ClInclude Include="Version\Downloads.h">
      <Filter>Version</Filter>
    </ClInclude>
    <ClInclude Include="Version\Extract.h">
      <Filter>Version</Filter>
    </ClInclude>
    <ClInclude Include="Version\Library.h">
      <Filter>Version</Filter>
    </ClInclude>
    <ClInclude Include="Version\Rules.h">
      <Filter>Version</Filter>
    </ClInclude>
    <ClInclude Include="Version\Asset.h">
      <Filter>Version</Filter>
    </ClInclude>
    <ClInclude Include="Version\Version.h">
      <Filter>Version</Filter>
    </ClInclude>
    <ClInclude Include="Util\QGSOperatingSystem.h">
      <Filter>Util</Filter>
    </ClInclude>
    <ClInclude Include="Util\QGSException.h">
      <Filter>Util</Filter>
    </ClInclude>
    <ClInclude Include="Util\QGSExceptionVersionNotFound.h">
      <Filter>Util</Filter>
    </ClInclude>
    <ClInclude Include="LaunchOptions\QGSLaunchOptions.h">
      <Filter>LaunchOptions</Filter>
    </ClInclude>
    <ClInclude Include="LaunchOptions\AuthInfo.h">
      <Filter>LaunchOptions</Filter>
    </ClInclude>
    <ClInclude Include="LaunchOptions\QGSOfflineAccountFactory.h">
      <Filter>LaunchOptions</Filter>
    </ClInclude>
    <ClInclude Include="LaunchOptions\QGSOfflineAccount.h">
      <Filter>LaunchOptions</Filter>
    </ClInclude>
    <ClInclude Include="Util\QGSUuidGenerator.h">
      <Filter>Util</Filter>
    </ClInclude>
    <ClInclude Include="Util\QGSExceptionJsonPraseError.h">
      <Filter>Util</Filter>
    </ClInclude>
    <ClInclude Include="Util\QGSExceptionFileIO.h">
      <Filter>Util</Filter>
    </ClInclude>
    <ClInclude Include="LaunchOptions\QGSILaunchOptionsBuilder.h">
      <Filter>LaunchOptions</Filter>
    </ClInclude>
    <ClInclude Include="LaunchOptions\QGSIAccountFactory.h">
      <Filter>LaunchOptions</Filter>
    </ClInclude>
    <ClInclude Include="LaunchOptions\QGSIAccount.h">
      <Filter>LaunchOptions</Filter>
    </ClInclude>
    <ClInclude Include="QGettingStarted.h" />
    <ClInclude Include="LaunchOptions\QGSYggdrasilAccount.h">
      <Filter>LaunchOptions</Filter>
    </ClInclude>
    <ClInclude Include="LaunchOptions\QGSYggdrasilAccountFactory.h">
      <Filter>LaunchOptions</Filter>
    </ClInclude>
    <ClInclude Include="Util\QGSExceptionAuthentication.h">
      <Filter>Util</Filter>
    </ClInclude>
    <ClInclude Include="Launcher\VersionPraser\QGSIVersionPraseStrategy.h">
      <Filter>Launcher\VersionPraser</Filter>
    </ClInclude>
    <ClInclude Include="Launcher\VersionPraser\QGSGeneralVersionPraseStrategy.h">
      <Filter>Launcher\VersionPraser</Filter>
    </ClInclude>
    <ClInclude Include="Launcher\VersionPraser\QGSVersionPraser.h">
      <Filter>Launcher\VersionPraser</Filter>
    </ClInclude>
    <ClInclude Include="Launcher\QGSILauncherStrategy.h">
      <Filter>Launcher</Filter>
    </ClInclude>
    <ClInclude Include="Launcher\QGSGeneralLauncherStrategy.h">
      <Filter>Launcher</Filter>
    </ClInclude>
    <ClInclude Include="Launcher\QGSLauncher.h">
      <Filter>Launcher</Filter>
    </ClInclude>
    <ClInclude Include="Util\QGSCompress.h">
      <Filter>Util</Filter>
    </ClInclude>
    <ClInclude Include="Util\QGSExceptionCompress.h">
      <Filter>Util</Filter>
    </ClInclude>
  </ItemGroup>
  <ItemGroup>
    <CustomBuild Include="Util\QGSNetwork.h">
      <Filter>Util</Filter>
    </CustomBuild>
  </ItemGroup>
</Project>